// !$*UTF8*$!
{
	archiveVersion = 1;
	classes = {
	};
	objectVersion = 51;
	objects = {

/* Begin PBXBuildFile section */
		3C2C0D9726BBE7E100F2989C /* lf30_editor_5wqgyqlx.json in Resources */ = {isa = PBXBuildFile; fileRef = 3C2C0D9626BBE7E100F2989C /* lf30_editor_5wqgyqlx.json */; };
		3C2C0D9926BC1A2B00F2989C /* lf30_editor_zozlaqwf.json in Resources */ = {isa = PBXBuildFile; fileRef = 3C2C0D9826BC1A2900F2989C /* lf30_editor_zozlaqwf.json */; };
		3C2C0D9B26BD824400F2989C /* CheckPermission.swift in Sources */ = {isa = PBXBuildFile; fileRef = 3C2C0D9A26BD824300F2989C /* CheckPermission.swift */; };
		3C6C7A24269312F200674FBE /* PlaceHolderTextView.swift in Sources */ = {isa = PBXBuildFile; fileRef = 3C6C7A23269312F200674FBE /* PlaceHolderTextView.swift */; };
		3C6C7A262694890000674FBE /* SendDBModel.swift in Sources */ = {isa = PBXBuildFile; fileRef = 3C6C7A252694890000674FBE /* SendDBModel.swift */; };
		3C6C7A2A26A331CC00674FBE /* MyPageViewController.swift in Sources */ = {isa = PBXBuildFile; fileRef = 3C6C7A2926A331CC00674FBE /* MyPageViewController.swift */; };
		3C6C7A2D26A3325A00674FBE /* MainTabBarController.swift in Sources */ = {isa = PBXBuildFile; fileRef = 3C6C7A2B26A3325A00674FBE /* MainTabBarController.swift */; };
		3C6C7A3026A5046700674FBE /* PostedCell.swift in Sources */ = {isa = PBXBuildFile; fileRef = 3C6C7A2F26A5046700674FBE /* PostedCell.swift */; };
		3C6C7A3426A54B8300674FBE /* LoadDBModel.swift in Sources */ = {isa = PBXBuildFile; fileRef = 3C6C7A3326A54B8200674FBE /* LoadDBModel.swift */; };
		3C6C7A3926AABE5100674FBE /* PostPageViewController.swift in Sources */ = {isa = PBXBuildFile; fileRef = 3C6C7A3826AABE5100674FBE /* PostPageViewController.swift */; };
		3C6C7A4026B00A8400674FBE /* UIImageExtension.swift in Sources */ = {isa = PBXBuildFile; fileRef = 3C6C7A3F26B00A8300674FBE /* UIImageExtension.swift */; };
		3C6C7A4426B1BF2D00674FBE /* Indicater.swift in Sources */ = {isa = PBXBuildFile; fileRef = 3C6C7A4326B1BF2C00674FBE /* Indicater.swift */; };
		3C6C7A4626B1C48500674FBE /* DataSet.swift in Sources */ = {isa = PBXBuildFile; fileRef = 3C6C7A4526B1C48500674FBE /* DataSet.swift */; };
		3CD8F4C3268A093F00DF694B /* AppDelegate.swift in Sources */ = {isa = PBXBuildFile; fileRef = 3CD8F4C2268A093F00DF694B /* AppDelegate.swift */; };
		3CD8F4C5268A093F00DF694B /* SceneDelegate.swift in Sources */ = {isa = PBXBuildFile; fileRef = 3CD8F4C4268A093F00DF694B /* SceneDelegate.swift */; };
		3CD8F4CC268A094E00DF694B /* Assets.xcassets in Resources */ = {isa = PBXBuildFile; fileRef = 3CD8F4CB268A094E00DF694B /* Assets.xcassets */; };
		3CD8F4CF268A094E00DF694B /* LaunchScreen.storyboard in Resources */ = {isa = PBXBuildFile; fileRef = 3CD8F4CD268A094E00DF694B /* LaunchScreen.storyboard */; };
		3CD8F4DA268A0AFB00DF694B /* LoginViewController.swift in Sources */ = {isa = PBXBuildFile; fileRef = 3CD8F4D9268A0AFB00DF694B /* LoginViewController.swift */; };
		3CD8F4F0268C6A1800DF694B /* GoogleService-Info.plist in Resources */ = {isa = PBXBuildFile; fileRef = 3CD8F4EF268C6A1800DF694B /* GoogleService-Info.plist */; };
		3CD8F50A268D60F400DF694B /* ColorExtension.swift in Sources */ = {isa = PBXBuildFile; fileRef = 3CD8F509268D60F400DF694B /* ColorExtension.swift */; };
		3CD8F515268F0D2A00DF694B /* TimelineViewController.swift in Sources */ = {isa = PBXBuildFile; fileRef = 3CD8F514268F0D2A00DF694B /* TimelineViewController.swift */; };
		3CD8F518268F0DCF00DF694B /* TimelineCell.swift in Sources */ = {isa = PBXBuildFile; fileRef = 3CD8F517268F0DCF00DF694B /* TimelineCell.swift */; };
		3CD8F51B268F0FFD00DF694B /* UIViewExtension.swift in Sources */ = {isa = PBXBuildFile; fileRef = 3CD8F51A268F0FFD00DF694B /* UIViewExtension.swift */; };
		3CD8F51E268F185800DF694B /* SelectViewController.swift in Sources */ = {isa = PBXBuildFile; fileRef = 3CD8F51D268F185800DF694B /* SelectViewController.swift */; };
		871C8E1DF77BC9C9BC17F83C /* Pods_Leef.framework in Frameworks */ = {isa = PBXBuildFile; fileRef = C4FDF3D0C2F23FF79973D690 /* Pods_Leef.framework */; };
/* End PBXBuildFile section */

/* Begin PBXFileReference section */
		0AC8706C2833D62FE83CE24E /* Pods-Leef.debug.xcconfig */ = {isa = PBXFileReference; includeInIndex = 1; lastKnownFileType = text.xcconfig; name = "Pods-Leef.debug.xcconfig"; path = "Target Support Files/Pods-Leef/Pods-Leef.debug.xcconfig"; sourceTree = "<group>"; };
		3C2C0D9626BBE7E100F2989C /* lf30_editor_5wqgyqlx.json */ = {isa = PBXFileReference; fileEncoding = 4; lastKnownFileType = text.json; path = lf30_editor_5wqgyqlx.json; sourceTree = "<group>"; };
		3C2C0D9826BC1A2900F2989C /* lf30_editor_zozlaqwf.json */ = {isa = PBXFileReference; fileEncoding = 4; lastKnownFileType = text.json; path = lf30_editor_zozlaqwf.json; sourceTree = "<group>"; };
		3C2C0D9A26BD824300F2989C /* CheckPermission.swift */ = {isa = PBXFileReference; lastKnownFileType = sourcecode.swift; path = CheckPermission.swift; sourceTree = "<group>"; };
		3C6C7A23269312F200674FBE /* PlaceHolderTextView.swift */ = {isa = PBXFileReference; lastKnownFileType = sourcecode.swift; path = PlaceHolderTextView.swift; sourceTree = "<group>"; };
		3C6C7A252694890000674FBE /* SendDBModel.swift */ = {isa = PBXFileReference; lastKnownFileType = sourcecode.swift; path = SendDBModel.swift; sourceTree = "<group>"; };
		3C6C7A2926A331CC00674FBE /* MyPageViewController.swift */ = {isa = PBXFileReference; lastKnownFileType = sourcecode.swift; path = MyPageViewController.swift; sourceTree = "<group>"; };
		3C6C7A2B26A3325A00674FBE /* MainTabBarController.swift */ = {isa = PBXFileReference; lastKnownFileType = sourcecode.swift; path = MainTabBarController.swift; sourceTree = "<group>"; };
		3C6C7A2F26A5046700674FBE /* PostedCell.swift */ = {isa = PBXFileReference; lastKnownFileType = sourcecode.swift; path = PostedCell.swift; sourceTree = "<group>"; };
		3C6C7A3326A54B8200674FBE /* LoadDBModel.swift */ = {isa = PBXFileReference; lastKnownFileType = sourcecode.swift; path = LoadDBModel.swift; sourceTree = "<group>"; };
		3C6C7A3826AABE5100674FBE /* PostPageViewController.swift */ = {isa = PBXFileReference; lastKnownFileType = sourcecode.swift; path = PostPageViewController.swift; sourceTree = "<group>"; };
		3C6C7A3F26B00A8300674FBE /* UIImageExtension.swift */ = {isa = PBXFileReference; lastKnownFileType = sourcecode.swift; path = UIImageExtension.swift; sourceTree = "<group>"; };
		3C6C7A4326B1BF2C00674FBE /* Indicater.swift */ = {isa = PBXFileReference; lastKnownFileType = sourcecode.swift; path = Indicater.swift; sourceTree = "<group>"; };
		3C6C7A4526B1C48500674FBE /* DataSet.swift */ = {isa = PBXFileReference; lastKnownFileType = sourcecode.swift; path = DataSet.swift; sourceTree = "<group>"; };
		3CD8F4BF268A093F00DF694B /* Leef.app */ = {isa = PBXFileReference; explicitFileType = wrapper.application; includeInIndex = 0; path = Leef.app; sourceTree = BUILT_PRODUCTS_DIR; };
		3CD8F4C2268A093F00DF694B /* AppDelegate.swift */ = {isa = PBXFileReference; lastKnownFileType = sourcecode.swift; path = AppDelegate.swift; sourceTree = "<group>"; };
		3CD8F4C4268A093F00DF694B /* SceneDelegate.swift */ = {isa = PBXFileReference; lastKnownFileType = sourcecode.swift; path = SceneDelegate.swift; sourceTree = "<group>"; };
		3CD8F4CB268A094E00DF694B /* Assets.xcassets */ = {isa = PBXFileReference; lastKnownFileType = folder.assetcatalog; path = Assets.xcassets; sourceTree = "<group>"; };
		3CD8F4CE268A094E00DF694B /* Base */ = {isa = PBXFileReference; lastKnownFileType = file.storyboard; name = Base; path = Base.lproj/LaunchScreen.storyboard; sourceTree = "<group>"; };
		3CD8F4D0268A094E00DF694B /* Info.plist */ = {isa = PBXFileReference; lastKnownFileType = text.plist.xml; path = Info.plist; sourceTree = "<group>"; };
		3CD8F4D9268A0AFB00DF694B /* LoginViewController.swift */ = {isa = PBXFileReference; lastKnownFileType = sourcecode.swift; path = LoginViewController.swift; sourceTree = "<group>"; };
		3CD8F4EF268C6A1800DF694B /* GoogleService-Info.plist */ = {isa = PBXFileReference; fileEncoding = 4; lastKnownFileType = text.plist.xml; path = "GoogleService-Info.plist"; sourceTree = "<group>"; };
		3CD8F509268D60F400DF694B /* ColorExtension.swift */ = {isa = PBXFileReference; lastKnownFileType = sourcecode.swift; path = ColorExtension.swift; sourceTree = "<group>"; };
		3CD8F514268F0D2A00DF694B /* TimelineViewController.swift */ = {isa = PBXFileReference; lastKnownFileType = sourcecode.swift; path = TimelineViewController.swift; sourceTree = "<group>"; };
		3CD8F517268F0DCF00DF694B /* TimelineCell.swift */ = {isa = PBXFileReference; lastKnownFileType = sourcecode.swift; path = TimelineCell.swift; sourceTree = "<group>"; };
		3CD8F51A268F0FFD00DF694B /* UIViewExtension.swift */ = {isa = PBXFileReference; lastKnownFileType = sourcecode.swift; path = UIViewExtension.swift; sourceTree = "<group>"; };
		3CD8F51D268F185800DF694B /* SelectViewController.swift */ = {isa = PBXFileReference; lastKnownFileType = sourcecode.swift; path = SelectViewController.swift; sourceTree = "<group>"; };
		84AE02B18666067E821BE609 /* Pods-Leef.release.xcconfig */ = {isa = PBXFileReference; includeInIndex = 1; lastKnownFileType = text.xcconfig; name = "Pods-Leef.release.xcconfig"; path = "Target Support Files/Pods-Leef/Pods-Leef.release.xcconfig"; sourceTree = "<group>"; };
		C4FDF3D0C2F23FF79973D690 /* Pods_Leef.framework */ = {isa = PBXFileReference; explicitFileType = wrapper.framework; includeInIndex = 0; path = Pods_Leef.framework; sourceTree = BUILT_PRODUCTS_DIR; };
/* End PBXFileReference section */

/* Begin PBXFrameworksBuildPhase section */
		3CD8F4BC268A093F00DF694B /* Frameworks */ = {
			isa = PBXFrameworksBuildPhase;
			buildActionMask = 2147483647;
			files = (
				871C8E1DF77BC9C9BC17F83C /* Pods_Leef.framework in Frameworks */,
			);
			runOnlyForDeploymentPostprocessing = 0;
		};
/* End PBXFrameworksBuildPhase section */

/* Begin PBXGroup section */
		3AB01729D0463445EF0D98CB /* Frameworks */ = {
			isa = PBXGroup;
			children = (
				C4FDF3D0C2F23FF79973D690 /* Pods_Leef.framework */,
			);
			name = Frameworks;
			sourceTree = "<group>";
		};
		3C6C7A3126A5084B00674FBE /* Cells */ = {
			isa = PBXGroup;
			children = (
				3CD8F517268F0DCF00DF694B /* TimelineCell.swift */,
				3C6C7A2F26A5046700674FBE /* PostedCell.swift */,
			);
			path = Cells;
			sourceTree = "<group>";
		};
		3C6C7A3226A5087F00674FBE /* Extensions */ = {
			isa = PBXGroup;
			children = (
				3CD8F509268D60F400DF694B /* ColorExtension.swift */,
				3CD8F51A268F0FFD00DF694B /* UIViewExtension.swift */,
				3C6C7A23269312F200674FBE /* PlaceHolderTextView.swift */,
				3C6C7A3F26B00A8300674FBE /* UIImageExtension.swift */,
				3C2C0D9A26BD824300F2989C /* CheckPermission.swift */,
			);
			path = Extensions;
			sourceTree = "<group>";
		};
		3C6C7A3526A54B9700674FBE /* DB */ = {
			isa = PBXGroup;
			children = (
				3C6C7A252694890000674FBE /* SendDBModel.swift */,
				3C6C7A3326A54B8200674FBE /* LoadDBModel.swift */,
				3C6C7A4526B1C48500674FBE /* DataSet.swift */,
			);
			path = DB;
			sourceTree = "<group>";
		};
		3CD8F4B6268A093F00DF694B = {
			isa = PBXGroup;
			children = (
				3CD8F4C1268A093F00DF694B /* Leef */,
				3CD8F4C0268A093F00DF694B /* Products */,
				5E7D99F81520DD8AF3DFCAAD /* Pods */,
				3AB01729D0463445EF0D98CB /* Frameworks */,
			);
			sourceTree = "<group>";
		};
		3CD8F4C0268A093F00DF694B /* Products */ = {
			isa = PBXGroup;
			children = (
				3CD8F4BF268A093F00DF694B /* Leef.app */,
			);
			name = Products;
			sourceTree = "<group>";
		};
		3CD8F4C1268A093F00DF694B /* Leef */ = {
			isa = PBXGroup;
			children = (
				3CD8F4C2268A093F00DF694B /* AppDelegate.swift */,
				3CD8F4C4268A093F00DF694B /* SceneDelegate.swift */,
				3CD8F50E268D844000DF694B /* Models */,
				3CD8F50D268D843700DF694B /* Views */,
				3CD8F50C268D841000DF694B /* Controllers */,
				3CD8F4CB268A094E00DF694B /* Assets.xcassets */,
				3CD8F4CD268A094E00DF694B /* LaunchScreen.storyboard */,
				3C2C0D9826BC1A2900F2989C /* lf30_editor_zozlaqwf.json */,
				3C2C0D9626BBE7E100F2989C /* lf30_editor_5wqgyqlx.json */,
				3CD8F4D0268A094E00DF694B /* Info.plist */,
				3CD8F4EF268C6A1800DF694B /* GoogleService-Info.plist */,
			);
			path = Leef;
			sourceTree = "<group>";
		};
		3CD8F50C268D841000DF694B /* Controllers */ = {
			isa = PBXGroup;
			children = (
				3CD8F4D9268A0AFB00DF694B /* LoginViewController.swift */,
				3CD8F514268F0D2A00DF694B /* TimelineViewController.swift */,
				3CD8F51D268F185800DF694B /* SelectViewController.swift */,
				3C6C7A2926A331CC00674FBE /* MyPageViewController.swift */,
				3C6C7A3826AABE5100674FBE /* PostPageViewController.swift */,
			);
			path = Controllers;
			sourceTree = "<group>";
		};
		3CD8F50D268D843700DF694B /* Views */ = {
			isa = PBXGroup;
			children = (
				3C6C7A4326B1BF2C00674FBE /* Indicater.swift */,
				3C6C7A2B26A3325A00674FBE /* MainTabBarController.swift */,
				3C6C7A3126A5084B00674FBE /* Cells */,
			);
			path = Views;
			sourceTree = "<group>";
		};
		3CD8F50E268D844000DF694B /* Models */ = {
			isa = PBXGroup;
			children = (
				3C6C7A3526A54B9700674FBE /* DB */,
				3C6C7A3226A5087F00674FBE /* Extensions */,
			);
			path = Models;
			sourceTree = "<group>";
		};
		5E7D99F81520DD8AF3DFCAAD /* Pods */ = {
			isa = PBXGroup;
			children = (
				0AC8706C2833D62FE83CE24E /* Pods-Leef.debug.xcconfig */,
				84AE02B18666067E821BE609 /* Pods-Leef.release.xcconfig */,
			);
			path = Pods;
			sourceTree = "<group>";
		};
/* End PBXGroup section */

/* Begin PBXNativeTarget section */
		3CD8F4BE268A093F00DF694B /* Leef */ = {
			isa = PBXNativeTarget;
			buildConfigurationList = 3CD8F4D3268A094E00DF694B /* Build configuration list for PBXNativeTarget "Leef" */;
			buildPhases = (
				33524162A9705075E880FA01 /* [CP] Check Pods Manifest.lock */,
				3CD8F4BB268A093F00DF694B /* Sources */,
				3CD8F4BC268A093F00DF694B /* Frameworks */,
				3CD8F4BD268A093F00DF694B /* Resources */,
				CA4E7F572DAD01108130DEC3 /* [CP] Embed Pods Frameworks */,
			);
			buildRules = (
			);
			dependencies = (
			);
			name = Leef;
			productName = Leef;
			productReference = 3CD8F4BF268A093F00DF694B /* Leef.app */;
			productType = "com.apple.product-type.application";
		};
/* End PBXNativeTarget section */

/* Begin PBXProject section */
		3CD8F4B7268A093F00DF694B /* Project object */ = {
			isa = PBXProject;
			attributes = {
				LastSwiftUpdateCheck = 1240;
				LastUpgradeCheck = 1240;
				TargetAttributes = {
					3CD8F4BE268A093F00DF694B = {
						CreatedOnToolsVersion = 12.4;
					};
				};
			};
			buildConfigurationList = 3CD8F4BA268A093F00DF694B /* Build configuration list for PBXProject "Leef" */;
			compatibilityVersion = "Xcode 9.3";
			developmentRegion = en;
			hasScannedForEncodings = 0;
			knownRegions = (
				en,
				Base,
			);
			mainGroup = 3CD8F4B6268A093F00DF694B;
			productRefGroup = 3CD8F4C0268A093F00DF694B /* Products */;
			projectDirPath = "";
			projectRoot = "";
			targets = (
				3CD8F4BE268A093F00DF694B /* Leef */,
			);
		};
/* End PBXProject section */

/* Begin PBXResourcesBuildPhase section */
		3CD8F4BD268A093F00DF694B /* Resources */ = {
			isa = PBXResourcesBuildPhase;
			buildActionMask = 2147483647;
			files = (
				3CD8F4CF268A094E00DF694B /* LaunchScreen.storyboard in Resources */,
				3C2C0D9726BBE7E100F2989C /* lf30_editor_5wqgyqlx.json in Resources */,
				3CD8F4F0268C6A1800DF694B /* GoogleService-Info.plist in Resources */,
				3C2C0D9926BC1A2B00F2989C /* lf30_editor_zozlaqwf.json in Resources */,
				3CD8F4CC268A094E00DF694B /* Assets.xcassets in Resources */,
			);
			runOnlyForDeploymentPostprocessing = 0;
		};
/* End PBXResourcesBuildPhase section */

/* Begin PBXShellScriptBuildPhase section */
		33524162A9705075E880FA01 /* [CP] Check Pods Manifest.lock */ = {
			isa = PBXShellScriptBuildPhase;
			buildActionMask = 2147483647;
			files = (
			);
			inputFileListPaths = (
			);
			inputPaths = (
				"${PODS_PODFILE_DIR_PATH}/Podfile.lock",
				"${PODS_ROOT}/Manifest.lock",
			);
			name = "[CP] Check Pods Manifest.lock";
			outputFileListPaths = (
			);
			outputPaths = (
				"$(DERIVED_FILE_DIR)/Pods-Leef-checkManifestLockResult.txt",
			);
			runOnlyForDeploymentPostprocessing = 0;
			shellPath = /bin/sh;
			shellScript = "diff \"${PODS_PODFILE_DIR_PATH}/Podfile.lock\" \"${PODS_ROOT}/Manifest.lock\" > /dev/null\nif [ $? != 0 ] ; then\n    # print error to STDERR\n    echo \"error: The sandbox is not in sync with the Podfile.lock. Run 'pod install' or update your CocoaPods installation.\" >&2\n    exit 1\nfi\n# This output is used by Xcode 'outputs' to avoid re-running this script phase.\necho \"SUCCESS\" > \"${SCRIPT_OUTPUT_FILE_0}\"\n";
			showEnvVarsInLog = 0;
		};
		CA4E7F572DAD01108130DEC3 /* [CP] Embed Pods Frameworks */ = {
			isa = PBXShellScriptBuildPhase;
			buildActionMask = 2147483647;
			files = (
			);
			inputFileListPaths = (
				"${PODS_ROOT}/Target Support Files/Pods-Leef/Pods-Leef-frameworks-${CONFIGURATION}-input-files.xcfilelist",
			);
			name = "[CP] Embed Pods Frameworks";
			outputFileListPaths = (
				"${PODS_ROOT}/Target Support Files/Pods-Leef/Pods-Leef-frameworks-${CONFIGURATION}-output-files.xcfilelist",
			);
			runOnlyForDeploymentPostprocessing = 0;
			shellPath = /bin/sh;
			shellScript = "\"${PODS_ROOT}/Target Support Files/Pods-Leef/Pods-Leef-frameworks.sh\"\n";
			showEnvVarsInLog = 0;
		};
/* End PBXShellScriptBuildPhase section */

/* Begin PBXSourcesBuildPhase section */
		3CD8F4BB268A093F00DF694B /* Sources */ = {
			isa = PBXSourcesBuildPhase;
			buildActionMask = 2147483647;
			files = (
				3CD8F51E268F185800DF694B /* SelectViewController.swift in Sources */,
				3C6C7A4626B1C48500674FBE /* DataSet.swift in Sources */,
				3CD8F4DA268A0AFB00DF694B /* LoginViewController.swift in Sources */,
				3CD8F4C3268A093F00DF694B /* AppDelegate.swift in Sources */,
				3C6C7A3426A54B8300674FBE /* LoadDBModel.swift in Sources */,
				3C6C7A3026A5046700674FBE /* PostedCell.swift in Sources */,
				3C6C7A262694890000674FBE /* SendDBModel.swift in Sources */,
				3C6C7A2A26A331CC00674FBE /* MyPageViewController.swift in Sources */,
				3C6C7A24269312F200674FBE /* PlaceHolderTextView.swift in Sources */,
				3CD8F518268F0DCF00DF694B /* TimelineCell.swift in Sources */,
				3C6C7A4426B1BF2D00674FBE /* Indicater.swift in Sources */,
				3CD8F515268F0D2A00DF694B /* TimelineViewController.swift in Sources */,
				3C6C7A3926AABE5100674FBE /* PostPageViewController.swift in Sources */,
				3C6C7A4026B00A8400674FBE /* UIImageExtension.swift in Sources */,
				3C2C0D9B26BD824400F2989C /* CheckPermission.swift in Sources */,
				3CD8F51B268F0FFD00DF694B /* UIViewExtension.swift in Sources */,
				3CD8F4C5268A093F00DF694B /* SceneDelegate.swift in Sources */,
				3CD8F50A268D60F400DF694B /* ColorExtension.swift in Sources */,
				3C6C7A2D26A3325A00674FBE /* MainTabBarController.swift in Sources */,
			);
			runOnlyForDeploymentPostprocessing = 0;
		};
/* End PBXSourcesBuildPhase section */

/* Begin PBXVariantGroup section */
		3CD8F4CD268A094E00DF694B /* LaunchScreen.storyboard */ = {
			isa = PBXVariantGroup;
			children = (
				3CD8F4CE268A094E00DF694B /* Base */,
			);
			name = LaunchScreen.storyboard;
			sourceTree = "<group>";
		};
/* End PBXVariantGroup section */

/* Begin XCBuildConfiguration section */
		3CD8F4D1268A094E00DF694B /* Debug */ = {
			isa = XCBuildConfiguration;
			buildSettings = {
				ALWAYS_SEARCH_USER_PATHS = NO;
				CLANG_ANALYZER_NONNULL = YES;
				CLANG_ANALYZER_NUMBER_OBJECT_CONVERSION = YES_AGGRESSIVE;
				CLANG_CXX_LANGUAGE_STANDARD = "gnu++14";
				CLANG_CXX_LIBRARY = "libc++";
				CLANG_ENABLE_MODULES = YES;
				CLANG_ENABLE_OBJC_ARC = YES;
				CLANG_ENABLE_OBJC_WEAK = YES;
				CLANG_WARN_BLOCK_CAPTURE_AUTORELEASING = YES;
				CLANG_WARN_BOOL_CONVERSION = YES;
				CLANG_WARN_COMMA = YES;
				CLANG_WARN_CONSTANT_CONVERSION = YES;
				CLANG_WARN_DEPRECATED_OBJC_IMPLEMENTATIONS = YES;
				CLANG_WARN_DIRECT_OBJC_ISA_USAGE = YES_ERROR;
				CLANG_WARN_DOCUMENTATION_COMMENTS = YES;
				CLANG_WARN_EMPTY_BODY = YES;
				CLANG_WARN_ENUM_CONVERSION = YES;
				CLANG_WARN_INFINITE_RECURSION = YES;
				CLANG_WARN_INT_CONVERSION = YES;
				CLANG_WARN_NON_LITERAL_NULL_CONVERSION = YES;
				CLANG_WARN_OBJC_IMPLICIT_RETAIN_SELF = YES;
				CLANG_WARN_OBJC_LITERAL_CONVERSION = YES;
				CLANG_WARN_OBJC_ROOT_CLASS = YES_ERROR;
				CLANG_WARN_QUOTED_INCLUDE_IN_FRAMEWORK_HEADER = YES;
				CLANG_WARN_RANGE_LOOP_ANALYSIS = YES;
				CLANG_WARN_STRICT_PROTOTYPES = YES;
				CLANG_WARN_SUSPICIOUS_MOVE = YES;
				CLANG_WARN_UNGUARDED_AVAILABILITY = YES_AGGRESSIVE;
				CLANG_WARN_UNREACHABLE_CODE = YES;
				CLANG_WARN__DUPLICATE_METHOD_MATCH = YES;
				COPY_PHASE_STRIP = NO;
				DEBUG_INFORMATION_FORMAT = dwarf;
				ENABLE_STRICT_OBJC_MSGSEND = YES;
				ENABLE_TESTABILITY = YES;
				GCC_C_LANGUAGE_STANDARD = gnu11;
				GCC_DYNAMIC_NO_PIC = NO;
				GCC_NO_COMMON_BLOCKS = YES;
				GCC_OPTIMIZATION_LEVEL = 0;
				GCC_PREPROCESSOR_DEFINITIONS = (
					"DEBUG=1",
					"$(inherited)",
				);
				GCC_WARN_64_TO_32_BIT_CONVERSION = YES;
				GCC_WARN_ABOUT_RETURN_TYPE = YES_ERROR;
				GCC_WARN_UNDECLARED_SELECTOR = YES;
				GCC_WARN_UNINITIALIZED_AUTOS = YES_AGGRESSIVE;
				GCC_WARN_UNUSED_FUNCTION = YES;
				GCC_WARN_UNUSED_VARIABLE = YES;
				IPHONEOS_DEPLOYMENT_TARGET = 14.4;
				MTL_ENABLE_DEBUG_INFO = INCLUDE_SOURCE;
				MTL_FAST_MATH = YES;
				ONLY_ACTIVE_ARCH = YES;
				SDKROOT = iphoneos;
				SWIFT_ACTIVE_COMPILATION_CONDITIONS = DEBUG;
				SWIFT_OPTIMIZATION_LEVEL = "-Onone";
			};
			name = Debug;
		};
		3CD8F4D2268A094E00DF694B /* Release */ = {
			isa = XCBuildConfiguration;
			buildSettings = {
				ALWAYS_SEARCH_USER_PATHS = NO;
				CLANG_ANALYZER_NONNULL = YES;
				CLANG_ANALYZER_NUMBER_OBJECT_CONVERSION = YES_AGGRESSIVE;
				CLANG_CXX_LANGUAGE_STANDARD = "gnu++14";
				CLANG_CXX_LIBRARY = "libc++";
				CLANG_ENABLE_MODULES = YES;
				CLANG_ENABLE_OBJC_ARC = YES;
				CLANG_ENABLE_OBJC_WEAK = YES;
				CLANG_WARN_BLOCK_CAPTURE_AUTORELEASING = YES;
				CLANG_WARN_BOOL_CONVERSION = YES;
				CLANG_WARN_COMMA = YES;
				CLANG_WARN_CONSTANT_CONVERSION = YES;
				CLANG_WARN_DEPRECATED_OBJC_IMPLEMENTATIONS = YES;
				CLANG_WARN_DIRECT_OBJC_ISA_USAGE = YES_ERROR;
				CLANG_WARN_DOCUMENTATION_COMMENTS = YES;
				CLANG_WARN_EMPTY_BODY = YES;
				CLANG_WARN_ENUM_CONVERSION = YES;
				CLANG_WARN_INFINITE_RECURSION = YES;
				CLANG_WARN_INT_CONVERSION = YES;
				CLANG_WARN_NON_LITERAL_NULL_CONVERSION = YES;
				CLANG_WARN_OBJC_IMPLICIT_RETAIN_SELF = YES;
				CLANG_WARN_OBJC_LITERAL_CONVERSION = YES;
				CLANG_WARN_OBJC_ROOT_CLASS = YES_ERROR;
				CLANG_WARN_QUOTED_INCLUDE_IN_FRAMEWORK_HEADER = YES;
				CLANG_WARN_RANGE_LOOP_ANALYSIS = YES;
				CLANG_WARN_STRICT_PROTOTYPES = YES;
				CLANG_WARN_SUSPICIOUS_MOVE = YES;
				CLANG_WARN_UNGUARDED_AVAILABILITY = YES_AGGRESSIVE;
				CLANG_WARN_UNREACHABLE_CODE = YES;
				CLANG_WARN__DUPLICATE_METHOD_MATCH = YES;
				COPY_PHASE_STRIP = NO;
				DEBUG_INFORMATION_FORMAT = "dwarf-with-dsym";
				ENABLE_NS_ASSERTIONS = NO;
				ENABLE_STRICT_OBJC_MSGSEND = YES;
				GCC_C_LANGUAGE_STANDARD = gnu11;
				GCC_NO_COMMON_BLOCKS = YES;
				GCC_WARN_64_TO_32_BIT_CONVERSION = YES;
				GCC_WARN_ABOUT_RETURN_TYPE = YES_ERROR;
				GCC_WARN_UNDECLARED_SELECTOR = YES;
				GCC_WARN_UNINITIALIZED_AUTOS = YES_AGGRESSIVE;
				GCC_WARN_UNUSED_FUNCTION = YES;
				GCC_WARN_UNUSED_VARIABLE = YES;
				IPHONEOS_DEPLOYMENT_TARGET = 14.4;
				MTL_ENABLE_DEBUG_INFO = NO;
				MTL_FAST_MATH = YES;
				SDKROOT = iphoneos;
				SWIFT_COMPILATION_MODE = wholemodule;
				SWIFT_OPTIMIZATION_LEVEL = "-O";
				VALIDATE_PRODUCT = YES;
			};
			name = Release;
		};
		3CD8F4D4268A094E00DF694B /* Debug */ = {
			isa = XCBuildConfiguration;
			baseConfigurationReference = 0AC8706C2833D62FE83CE24E /* Pods-Leef.debug.xcconfig */;
			buildSettings = {
				ASSETCATALOG_COMPILER_APPICON_NAME = AppIcon;
				ASSETCATALOG_COMPILER_GLOBAL_ACCENT_COLOR_NAME = AccentColor;
				CODE_SIGN_STYLE = Automatic;
				DEVELOPMENT_TEAM = 8SV798S53Y;
				INFOPLIST_FILE = Leef/Info.plist;
				LD_RUNPATH_SEARCH_PATHS = (
					"$(inherited)",
					"@executable_path/Frameworks",
				);
				PRODUCT_BUNDLE_IDENTIFIER = com.Jinapps.Leef;
				PRODUCT_NAME = "$(TARGET_NAME)";
				SWIFT_VERSION = 5.0;
				TARGETED_DEVICE_FAMILY = 1;
			};
			name = Debug;
		};
		3CD8F4D5268A094E00DF694B /* Release */ = {
			isa = XCBuildConfiguration;
			baseConfigurationReference = 84AE02B18666067E821BE609 /* Pods-Leef.release.xcconfig */;
			buildSettings = {
				ASSETCATALOG_COMPILER_APPICON_NAME = AppIcon;
				ASSETCATALOG_COMPILER_GLOBAL_ACCENT_COLOR_NAME = AccentColor;
				CODE_SIGN_STYLE = Automatic;
				DEVELOPMENT_TEAM = 8SV798S53Y;
				INFOPLIST_FILE = Leef/Info.plist;
				LD_RUNPATH_SEARCH_PATHS = (
					"$(inherited)",
					"@executable_path/Frameworks",
				);
				PRODUCT_BUNDLE_IDENTIFIER = com.Jinapps.Leef;
				PRODUCT_NAME = "$(TARGET_NAME)";
				SWIFT_VERSION = 5.0;
				TARGETED_DEVICE_FAMILY = 1;
			};
			name = Release;
		};
/* End XCBuildConfiguration section */

/* Begin XCConfigurationList section */
		3CD8F4BA268A093F00DF694B /* Build configuration list for PBXProject "Leef" */ = {
			isa = XCConfigurationList;
			buildConfigurations = (
				3CD8F4D1268A094E00DF694B /* Debug */,
				3CD8F4D2268A094E00DF694B /* Release */,
			);
			defaultConfigurationIsVisible = 0;
			defaultConfigurationName = Release;
		};
		3CD8F4D3268A094E00DF694B /* Build configuration list for PBXNativeTarget "Leef" */ = {
			isa = XCConfigurationList;
			buildConfigurations = (
				3CD8F4D4268A094E00DF694B /* Debug */,
				3CD8F4D5268A094E00DF694B /* Release */,
			);
			defaultConfigurationIsVisible = 0;
			defaultConfigurationName = Release;
		};
/* End XCConfigurationList section */
	};
	rootObject = 3CD8F4B7268A093F00DF694B /* Project object */;
}
